
Microsoft Visual Studio Solution File, Format Version 12.00
# Visual Studio Version 17
VisualStudioVersion = 17.0.32014.148
MinimumVisualStudioVersion = 10.0.40219.1
Project("{FAE04EC0-301F-11D3-BF4B-00C04F79EFBC}") = "Loops", "Loops\Loops.csproj", "{D7C659EE-09BC-4415-A3D4-C86343F66122}"
EndProject
Global
	GlobalSection(SolutionConfigurationPlatforms) = preSolution
		Debug|Any CPU = Debug|Any CPU
		Release|Any CPU = Release|Any CPU
	EndGlobalSection
	GlobalSection(ProjectConfigurationPlatforms) = postSolution
		{D7C659EE-09BC-4415-A3D4-C86343F66122}.Debug|Any CPU.ActiveCfg = Debug|Any CPU
		{D7C659EE-09BC-4415-A3D4-C86343F66122}.Debug|Any CPU.Build.0 = Debug|Any CPU
		{D7C659EE-09BC-4415-A3D4-C86343F66122}.Release|Any CPU.ActiveCfg = Release|Any CPU
		{D7C659EE-09BC-4415-A3D4-C86343F66122}.Release|Any CPU.Build.0 = Release|Any CPU
	EndGlobalSection
	GlobalSection(SolutionProperties) = preSolution
		HideSolutionNode = FALSE
	EndGlobalSection
	GlobalSection(ExtensibilityGlobals) = postSolution
		SolutionGuid = {7AEB46B8-B6D6-445B-A574-3CBCFE910321}
	EndGlobalSection
EndGlobal
